
Microsoft Visual Studio Solution File, Format Version 12.00
Project("{FAE04EC0-301F-11D3-BF4B-00C04F79EFBC}") = "Personal-Finance-Tracker", "Personal-Finance-Tracker.csproj", "{0D5513EE-3475-4D71-8BBB-957A8C740B53}"
EndProject
Global
	GlobalSection(SolutionConfigurationPlatforms) = preSolution
		Debug|Any CPU = Debug|Any CPU
		Release|Any CPU = Release|Any CPU
	EndGlobalSection
	GlobalSection(ProjectConfigurationPlatforms) = postSolution
		{0D5513EE-3475-4D71-8BBB-957A8C740B53}.Debug|Any CPU.ActiveCfg = Debug|Any CPU
		{0D5513EE-3475-4D71-8BBB-957A8C740B53}.Debug|Any CPU.Build.0 = Debug|Any CPU
		{0D5513EE-3475-4D71-8BBB-957A8C740B53}.Release|Any CPU.ActiveCfg = Release|Any CPU
		{0D5513EE-3475-4D71-8BBB-957A8C740B53}.Release|Any CPU.Build.0 = Release|Any CPU
	EndGlobalSection
EndGlobal
